
Microsoft Visual Studio Solution File, Format Version 12.00
# Visual Studio Version 16
VisualStudioVersion = 16.0.31727.386
MinimumVisualStudioVersion = 10.0.40219.1
Project("{9A19103F-16F7-4668-BE54-9A1E7A4F7556}") = "KisiselBakimProje", "adfgh\KisiselBakimProje.csproj", "{C2A7D2AB-B3CD-415F-B6E4-3C3BE6580899}"
EndProject
Global
	GlobalSection(SolutionConfigurationPlatforms) = preSolution
		Debug|Any CPU = Debug|Any CPU
		Release|Any CPU = Release|Any CPU
	EndGlobalSection
	GlobalSection(ProjectConfigurationPlatforms) = postSolution
		{C2A7D2AB-B3CD-415F-B6E4-3C3BE6580899}.Debug|Any CPU.ActiveCfg = Debug|Any CPU
		{C2A7D2AB-B3CD-415F-B6E4-3C3BE6580899}.Debug|Any CPU.Build.0 = Debug|Any CPU
		{C2A7D2AB-B3CD-415F-B6E4-3C3BE6580899}.Release|Any CPU.ActiveCfg = Release|Any CPU
		{C2A7D2AB-B3CD-415F-B6E4-3C3BE6580899}.Release|Any CPU.Build.0 = Release|Any CPU
	EndGlobalSection
	GlobalSection(SolutionProperties) = preSolution
		HideSolutionNode = FALSE
	EndGlobalSection
	GlobalSection(ExtensibilityGlobals) = postSolution
		SolutionGuid = {316ED589-4CD9-4A77-AACA-1BC0EB893A0C}
	EndGlobalSection
EndGlobal
